
Microsoft Visual Studio Solution File, Format Version 12.00
# Visual Studio 15
VisualStudioVersion = 15.0.26430.14
MinimumVisualStudioVersion = 10.0.40219.1
Project("{FAE04EC0-301F-11D3-BF4B-00C04F79EFBC}") = "RangPaint", "RangPaint\RangPaint.csproj", "{45C599F5-BB09-41CC-8FA6-10814275B995}"
EndProject
Project("{FAE04EC0-301F-11D3-BF4B-00C04F79EFBC}") = "ColorPicker", "ColorPicker\ColorPicker.csproj", "{827F8C33-8118-48C7-AB3C-4864298396AD}"
EndProject
Global
	GlobalSection(SolutionConfigurationPlatforms) = preSolution
		Debug|Any CPU = Debug|Any CPU
		Release|Any CPU = Release|Any CPU
	EndGlobalSection
	GlobalSection(ProjectConfigurationPlatforms) = postSolution
		{45C599F5-BB09-41CC-8FA6-10814275B995}.Debug|Any CPU.ActiveCfg = Debug|Any CPU
		{45C599F5-BB09-41CC-8FA6-10814275B995}.Debug|Any CPU.Build.0 = Debug|Any CPU
		{45C599F5-BB09-41CC-8FA6-10814275B995}.Release|Any CPU.ActiveCfg = Release|Any CPU
		{45C599F5-BB09-41CC-8FA6-10814275B995}.Release|Any CPU.Build.0 = Release|Any CPU
		{827F8C33-8118-48C7-AB3C-4864298396AD}.Debug|Any CPU.ActiveCfg = Debug|Any CPU
		{827F8C33-8118-48C7-AB3C-4864298396AD}.Debug|Any CPU.Build.0 = Debug|Any CPU
		{827F8C33-8118-48C7-AB3C-4864298396AD}.Release|Any CPU.ActiveCfg = Release|Any CPU
		{827F8C33-8118-48C7-AB3C-4864298396AD}.Release|Any CPU.Build.0 = Release|Any CPU
	EndGlobalSection
	GlobalSection(SolutionProperties) = preSolution
		HideSolutionNode = FALSE
	EndGlobalSection
EndGlobal
